
Microsoft Visual Studio Solution File, Format Version 12.00
# Visual Studio Version 17
VisualStudioVersion = 17.10.34902.84
MinimumVisualStudioVersion = 10.0.40219.1
Project("{9A19103F-16F7-4668-BE54-9A1E7A4F7556}") = "HotelBookingSystemApi", "HotelBookingSystemApi\HotelBookingSystemApi.csproj", "{DD0C510C-7D6F-43C5-BCE8-B011CF006AD9}"
EndProject
Project("{9A19103F-16F7-4668-BE54-9A1E7A4F7556}") = "HotelBookingSystem.DBService", "HotelBookingSystem.DBService\HotelBookingSystem.DBService.csproj", "{7D68F0AC-E45C-4DDF-8AAB-CFFD80B89A59}"
EndProject
Project("{9A19103F-16F7-4668-BE54-9A1E7A4F7556}") = "HotelBookingSystem.Model", "HotelBookingSystem.Model\HotelBookingSystem.Model.csproj", "{C8B30A17-6479-49E5-B917-1EDA4BA2B90E}"
EndProject
Project("{FAE04EC0-301F-11D3-BF4B-00C04F79EFBC}") = "HotelBookingSystem.Shared", "HotelBookingSystem.Shared\HotelBookingSystem.Shared.csproj", "{F52559FF-ED20-4FC2-8BAB-650D1C6F77A1}"
EndProject
Global
	GlobalSection(SolutionConfigurationPlatforms) = preSolution
		Debug|Any CPU = Debug|Any CPU
		Release|Any CPU = Release|Any CPU
	EndGlobalSection
	GlobalSection(ProjectConfigurationPlatforms) = postSolution
		{DD0C510C-7D6F-43C5-BCE8-B011CF006AD9}.Debug|Any CPU.ActiveCfg = Debug|Any CPU
		{DD0C510C-7D6F-43C5-BCE8-B011CF006AD9}.Debug|Any CPU.Build.0 = Debug|Any CPU
		{DD0C510C-7D6F-43C5-BCE8-B011CF006AD9}.Release|Any CPU.ActiveCfg = Release|Any CPU
		{DD0C510C-7D6F-43C5-BCE8-B011CF006AD9}.Release|Any CPU.Build.0 = Release|Any CPU
		{7D68F0AC-E45C-4DDF-8AAB-CFFD80B89A59}.Debug|Any CPU.ActiveCfg = Debug|Any CPU
		{7D68F0AC-E45C-4DDF-8AAB-CFFD80B89A59}.Debug|Any CPU.Build.0 = Debug|Any CPU
		{7D68F0AC-E45C-4DDF-8AAB-CFFD80B89A59}.Release|Any CPU.ActiveCfg = Release|Any CPU
		{7D68F0AC-E45C-4DDF-8AAB-CFFD80B89A59}.Release|Any CPU.Build.0 = Release|Any CPU
		{C8B30A17-6479-49E5-B917-1EDA4BA2B90E}.Debug|Any CPU.ActiveCfg = Debug|Any CPU
		{C8B30A17-6479-49E5-B917-1EDA4BA2B90E}.Debug|Any CPU.Build.0 = Debug|Any CPU
		{C8B30A17-6479-49E5-B917-1EDA4BA2B90E}.Release|Any CPU.ActiveCfg = Release|Any CPU
		{C8B30A17-6479-49E5-B917-1EDA4BA2B90E}.Release|Any CPU.Build.0 = Release|Any CPU
		{F52559FF-ED20-4FC2-8BAB-650D1C6F77A1}.Debug|Any CPU.ActiveCfg = Debug|Any CPU
		{F52559FF-ED20-4FC2-8BAB-650D1C6F77A1}.Debug|Any CPU.Build.0 = Debug|Any CPU
		{F52559FF-ED20-4FC2-8BAB-650D1C6F77A1}.Release|Any CPU.ActiveCfg = Release|Any CPU
		{F52559FF-ED20-4FC2-8BAB-650D1C6F77A1}.Release|Any CPU.Build.0 = Release|Any CPU
	EndGlobalSection
	GlobalSection(SolutionProperties) = preSolution
		HideSolutionNode = FALSE
	EndGlobalSection
	GlobalSection(ExtensibilityGlobals) = postSolution
		SolutionGuid = {33B0E110-A504-42C3-B36C-39F654EB42A3}
	EndGlobalSection
EndGlobal
